
Microsoft Visual Studio Solution File, Format Version 12.00
# Visual Studio Version 16
VisualStudioVersion = 16.0.31911.196
MinimumVisualStudioVersion = 10.0.40219.1
Project("{8BC9CEB8-8B4A-11D0-8D11-00A0C91BC942}") = "text17", "text17\text17.vcxproj", "{5AD0DF09-846B-4CB4-8CF1-1C57A00EFAC3}"
EndProject
Global
	GlobalSection(SolutionConfigurationPlatforms) = preSolution
		Debug|x64 = Debug|x64
		Debug|x86 = Debug|x86
		Release|x64 = Release|x64
		Release|x86 = Release|x86
	EndGlobalSection
	GlobalSection(ProjectConfigurationPlatforms) = postSolution
		{5AD0DF09-846B-4CB4-8CF1-1C57A00EFAC3}.Debug|x64.ActiveCfg = Debug|x64
		{5AD0DF09-846B-4CB4-8CF1-1C57A00EFAC3}.Debug|x64.Build.0 = Debug|x64
		{5AD0DF09-846B-4CB4-8CF1-1C57A00EFAC3}.Debug|x86.ActiveCfg = Debug|Win32
		{5AD0DF09-846B-4CB4-8CF1-1C57A00EFAC3}.Debug|x86.Build.0 = Debug|Win32
		{5AD0DF09-846B-4CB4-8CF1-1C57A00EFAC3}.Release|x64.ActiveCfg = Release|x64
		{5AD0DF09-846B-4CB4-8CF1-1C57A00EFAC3}.Release|x64.Build.0 = Release|x64
		{5AD0DF09-846B-4CB4-8CF1-1C57A00EFAC3}.Release|x86.ActiveCfg = Release|Win32
		{5AD0DF09-846B-4CB4-8CF1-1C57A00EFAC3}.Release|x86.Build.0 = Release|Win32
	EndGlobalSection
	GlobalSection(SolutionProperties) = preSolution
		HideSolutionNode = FALSE
	EndGlobalSection
	GlobalSection(ExtensibilityGlobals) = postSolution
		SolutionGuid = {D000785E-01C5-4D20-8AB0-5A0866961AB6}
	EndGlobalSection
EndGlobal
